
Microsoft Visual Studio Solution File, Format Version 12.00
# Visual Studio Version 17
VisualStudioVersion = 17.2.32602.215
MinimumVisualStudioVersion = 10.0.40219.1
Project("{FAE04EC0-301F-11D3-BF4B-00C04F79EFBC}") = "MVCIdentity2", "MVCIdentity2\MVCIdentity2.csproj", "{CDDAE3FC-C71B-4BC7-8957-E5488718E114}"
EndProject
Global
	GlobalSection(SolutionConfigurationPlatforms) = preSolution
		Debug|Any CPU = Debug|Any CPU
		Release|Any CPU = Release|Any CPU
	EndGlobalSection
	GlobalSection(ProjectConfigurationPlatforms) = postSolution
		{CDDAE3FC-C71B-4BC7-8957-E5488718E114}.Debug|Any CPU.ActiveCfg = Debug|Any CPU
		{CDDAE3FC-C71B-4BC7-8957-E5488718E114}.Debug|Any CPU.Build.0 = Debug|Any CPU
		{CDDAE3FC-C71B-4BC7-8957-E5488718E114}.Release|Any CPU.ActiveCfg = Release|Any CPU
		{CDDAE3FC-C71B-4BC7-8957-E5488718E114}.Release|Any CPU.Build.0 = Release|Any CPU
	EndGlobalSection
	GlobalSection(SolutionProperties) = preSolution
		HideSolutionNode = FALSE
	EndGlobalSection
	GlobalSection(ExtensibilityGlobals) = postSolution
		SolutionGuid = {B70EBB4C-5204-4AC7-A43D-D1C5CB270063}
	EndGlobalSection
EndGlobal
